
Microsoft Visual Studio Solution File, Format Version 12.00
# Visual Studio Version 16
VisualStudioVersion = 16.0.30204.135
MinimumVisualStudioVersion = 10.0.40219.1
Project("{9A19103F-16F7-4668-BE54-9A1E7A4F7556}") = "OpteaMate", "OpteaMate\OpteaMate.csproj", "{BA963401-AF22-4DD5-B9D7-C4838C5F3E76}"
EndProject
Project("{9A19103F-16F7-4668-BE54-9A1E7A4F7556}") = "BlazorMate", "BlazorMate\BlazorMate.csproj", "{DD4B9497-1A67-40FB-9103-59FF7A4FDF88}"
EndProject
Global
	GlobalSection(SolutionConfigurationPlatforms) = preSolution
		Debug|Any CPU = Debug|Any CPU
		Release|Any CPU = Release|Any CPU
	EndGlobalSection
	GlobalSection(ProjectConfigurationPlatforms) = postSolution
		{BA963401-AF22-4DD5-B9D7-C4838C5F3E76}.Debug|Any CPU.ActiveCfg = Debug|Any CPU
		{BA963401-AF22-4DD5-B9D7-C4838C5F3E76}.Debug|Any CPU.Build.0 = Debug|Any CPU
		{BA963401-AF22-4DD5-B9D7-C4838C5F3E76}.Release|Any CPU.ActiveCfg = Release|Any CPU
		{BA963401-AF22-4DD5-B9D7-C4838C5F3E76}.Release|Any CPU.Build.0 = Release|Any CPU
		{DD4B9497-1A67-40FB-9103-59FF7A4FDF88}.Debug|Any CPU.ActiveCfg = Debug|Any CPU
		{DD4B9497-1A67-40FB-9103-59FF7A4FDF88}.Debug|Any CPU.Build.0 = Debug|Any CPU
		{DD4B9497-1A67-40FB-9103-59FF7A4FDF88}.Release|Any CPU.ActiveCfg = Release|Any CPU
		{DD4B9497-1A67-40FB-9103-59FF7A4FDF88}.Release|Any CPU.Build.0 = Release|Any CPU
	EndGlobalSection
	GlobalSection(SolutionProperties) = preSolution
		HideSolutionNode = FALSE
	EndGlobalSection
	GlobalSection(ExtensibilityGlobals) = postSolution
		SolutionGuid = {BD98D57A-60DA-4149-8E28-E93BF593E8EB}
	EndGlobalSection
EndGlobal
